
Microsoft Visual Studio Solution File, Format Version 12.00
# Visual Studio Version 17
VisualStudioVersion = 17.8.34330.188
MinimumVisualStudioVersion = 10.0.40219.1
Project("{9A19103F-16F7-4668-BE54-9A1E7A4F7556}") = "ToledoCW.Services", "ToledoCW.Services\ToledoCW.Services.csproj", "{E90C60FB-AFC2-4880-8613-AE222C6610C7}"
EndProject
Project("{9A19103F-16F7-4668-BE54-9A1E7A4F7556}") = "ToledoCW.Services.Infraestructure", "ToledoCW.Services.Infraestructure\ToledoCW.Services.Infraestructure.csproj", "{94ACBC63-906C-4B40-9DEA-4E6D68BC5533}"
EndProject
Project("{FAE04EC0-301F-11D3-BF4B-00C04F79EFBC}") = "ToledoCW.Services.Domain", "..\src\ToledoCW.Services.Domain\ToledoCW.Services.Domain.csproj", "{E210555F-F0BE-4FEE-9B5C-B5573D35579D}"
EndProject
Project("{FAE04EC0-301F-11D3-BF4B-00C04F79EFBC}") = "ToledoCW.Services.Application", "..\src\ToledoCW.Services.Application\ToledoCW.Services.Application.csproj", "{969D430A-ACFA-4AA5-ADB6-2E3E5F3CDA0E}"
EndProject
Project("{FAE04EC0-301F-11D3-BF4B-00C04F79EFBC}") = "ToledoCW.Services.Core", "..\src\ToledoCW.Services.Core\ToledoCW.Services.Core.csproj", "{C7448AC4-805C-4B3A-B8C5-E98F60E38694}"
EndProject
Project("{FAE04EC0-301F-11D3-BF4B-00C04F79EFBC}") = "ToledoCW.Services.UnitTest.Domain", "..\Tests\ToledoCW.Services.UnitTest.Domain\ToledoCW.Services.UnitTest.Domain.csproj", "{CBEE57EA-00A5-4259-920F-AE8D446F67CF}"
EndProject
Global
	GlobalSection(SolutionConfigurationPlatforms) = preSolution
		Debug|Any CPU = Debug|Any CPU
		Release|Any CPU = Release|Any CPU
	EndGlobalSection
	GlobalSection(ProjectConfigurationPlatforms) = postSolution
		{E90C60FB-AFC2-4880-8613-AE222C6610C7}.Debug|Any CPU.ActiveCfg = Debug|Any CPU
		{E90C60FB-AFC2-4880-8613-AE222C6610C7}.Debug|Any CPU.Build.0 = Debug|Any CPU
		{E90C60FB-AFC2-4880-8613-AE222C6610C7}.Release|Any CPU.ActiveCfg = Release|Any CPU
		{E90C60FB-AFC2-4880-8613-AE222C6610C7}.Release|Any CPU.Build.0 = Release|Any CPU
		{94ACBC63-906C-4B40-9DEA-4E6D68BC5533}.Debug|Any CPU.ActiveCfg = Debug|Any CPU
		{94ACBC63-906C-4B40-9DEA-4E6D68BC5533}.Debug|Any CPU.Build.0 = Debug|Any CPU
		{94ACBC63-906C-4B40-9DEA-4E6D68BC5533}.Release|Any CPU.ActiveCfg = Release|Any CPU
		{94ACBC63-906C-4B40-9DEA-4E6D68BC5533}.Release|Any CPU.Build.0 = Release|Any CPU
		{E210555F-F0BE-4FEE-9B5C-B5573D35579D}.Debug|Any CPU.ActiveCfg = Debug|Any CPU
		{E210555F-F0BE-4FEE-9B5C-B5573D35579D}.Debug|Any CPU.Build.0 = Debug|Any CPU
		{E210555F-F0BE-4FEE-9B5C-B5573D35579D}.Release|Any CPU.ActiveCfg = Release|Any CPU
		{E210555F-F0BE-4FEE-9B5C-B5573D35579D}.Release|Any CPU.Build.0 = Release|Any CPU
		{969D430A-ACFA-4AA5-ADB6-2E3E5F3CDA0E}.Debug|Any CPU.ActiveCfg = Debug|Any CPU
		{969D430A-ACFA-4AA5-ADB6-2E3E5F3CDA0E}.Debug|Any CPU.Build.0 = Debug|Any CPU
		{969D430A-ACFA-4AA5-ADB6-2E3E5F3CDA0E}.Release|Any CPU.ActiveCfg = Release|Any CPU
		{969D430A-ACFA-4AA5-ADB6-2E3E5F3CDA0E}.Release|Any CPU.Build.0 = Release|Any CPU
		{C7448AC4-805C-4B3A-B8C5-E98F60E38694}.Debug|Any CPU.ActiveCfg = Debug|Any CPU
		{C7448AC4-805C-4B3A-B8C5-E98F60E38694}.Debug|Any CPU.Build.0 = Debug|Any CPU
		{C7448AC4-805C-4B3A-B8C5-E98F60E38694}.Release|Any CPU.ActiveCfg = Release|Any CPU
		{C7448AC4-805C-4B3A-B8C5-E98F60E38694}.Release|Any CPU.Build.0 = Release|Any CPU
		{CBEE57EA-00A5-4259-920F-AE8D446F67CF}.Debug|Any CPU.ActiveCfg = Debug|Any CPU
		{CBEE57EA-00A5-4259-920F-AE8D446F67CF}.Debug|Any CPU.Build.0 = Debug|Any CPU
		{CBEE57EA-00A5-4259-920F-AE8D446F67CF}.Release|Any CPU.ActiveCfg = Release|Any CPU
		{CBEE57EA-00A5-4259-920F-AE8D446F67CF}.Release|Any CPU.Build.0 = Release|Any CPU
	EndGlobalSection
	GlobalSection(SolutionProperties) = preSolution
		HideSolutionNode = FALSE
	EndGlobalSection
	GlobalSection(ExtensibilityGlobals) = postSolution
		SolutionGuid = {3CE12760-AFB7-48CC-BEBB-D7D1504B965A}
	EndGlobalSection
EndGlobal
