
Microsoft Visual Studio Solution File, Format Version 12.00
Project("{FAE04EC0-301F-11D3-BF4B-00C04F79EFBC}") = "ToledoCW.Services", "ToledoCW.Services\ToledoCW.Services.csproj", "{E90C60FB-AFC2-4880-8613-AE222C6610C7}"
EndProject
Project("{FAE04EC0-301F-11D3-BF4B-00C04F79EFBC}") = "ToledoCW.Services.Infraestructure", "ToledoCW.Services.Infraestructure\ToledoCW.Services.Infraestructure.csproj", "{94ACBC63-906C-4B40-9DEA-4E6D68BC5533}"
EndProject
Global
	GlobalSection(SolutionConfigurationPlatforms) = preSolution
		Debug|Any CPU = Debug|Any CPU
		Release|Any CPU = Release|Any CPU
	EndGlobalSection
	GlobalSection(ProjectConfigurationPlatforms) = postSolution
		{E90C60FB-AFC2-4880-8613-AE222C6610C7}.Debug|Any CPU.ActiveCfg = Debug|Any CPU
		{E90C60FB-AFC2-4880-8613-AE222C6610C7}.Debug|Any CPU.Build.0 = Debug|Any CPU
		{E90C60FB-AFC2-4880-8613-AE222C6610C7}.Release|Any CPU.ActiveCfg = Release|Any CPU
		{E90C60FB-AFC2-4880-8613-AE222C6610C7}.Release|Any CPU.Build.0 = Release|Any CPU
		{94ACBC63-906C-4B40-9DEA-4E6D68BC5533}.Debug|Any CPU.ActiveCfg = Debug|Any CPU
		{94ACBC63-906C-4B40-9DEA-4E6D68BC5533}.Debug|Any CPU.Build.0 = Debug|Any CPU
		{94ACBC63-906C-4B40-9DEA-4E6D68BC5533}.Release|Any CPU.ActiveCfg = Release|Any CPU
		{94ACBC63-906C-4B40-9DEA-4E6D68BC5533}.Release|Any CPU.Build.0 = Release|Any CPU
	EndGlobalSection
EndGlobal
